Microsoft Visual Studio Solution File, Format Version 12.00
# Visual Studio Version 17
VisualStudioVersion = 17.13.35818.85
MinimumVisualStudioVersion = 10.0.40219.1
Project("{FAE04EC0-301F-11D3-BF4B-00C04F79EFBC}") = "practice-defensive-programming", "practice-defensive-programming\practice-defensive-programming.csproj", "{5B3DB3FB-E06E-41FE-A46A-13B074DAC8CE}"
EndProject
Global
	GlobalSection(SolutionConfigurationPlatforms) = preSolution
		Debug|Any CPU = Debug|Any CPU
		Release|Any CPU = Release|Any CPU
	EndGlobalSection
	GlobalSection(ProjectConfigurationPlatforms) = postSolution
		{5B3DB3FB-E06E-41FE-A46A-13B074DAC8CE}.Debug|Any CPU.ActiveCfg = Debug|Any CPU
		{5B3DB3FB-E06E-41FE-A46A-13B074DAC8CE}.Debug|Any CPU.Build.0 = Debug|Any CPU
		{5B3DB3FB-E06E-41FE-A46A-13B074DAC8CE}.Release|Any CPU.ActiveCfg = Release|Any CPU
		{5B3DB3FB-E06E-41FE-A46A-13B074DAC8CE}.Release|Any CPU.Build.0 = Release|Any CPU
	EndGlobalSection
	GlobalSection(SolutionProperties) = preSolution
		HideSolutionNode = FALSE
	EndGlobalSection
	GlobalSection(ExtensibilityGlobals) = postSolution
		SolutionGuid = {7C650F44-A35A-465E-8895-05309A5BDA82}
	EndGlobalSection
EndGlobal
